
Microsoft Visual Studio Solution File, Format Version 12.00
# Visual Studio Version 17
VisualStudioVersion = 17.14.36119.2 d17.14
MinimumVisualStudioVersion = 10.0.40219.1
Project("{FAE04EC0-301F-11D3-BF4B-00C04F79EFBC}") = "IteratorsDemo", "IteratorsDemo\IteratorsDemo.csproj", "{5C30770C-CCC4-4092-A87C-C2AE8308D32F}"
EndProject
Global
	GlobalSection(SolutionConfigurationPlatforms) = preSolution
		Debug|Any CPU = Debug|Any CPU
		Release|Any CPU = Release|Any CPU
	EndGlobalSection
	GlobalSection(ProjectConfigurationPlatforms) = postSolution
		{5C30770C-CCC4-4092-A87C-C2AE8308D32F}.Debug|Any CPU.ActiveCfg = Debug|Any CPU
		{5C30770C-CCC4-4092-A87C-C2AE8308D32F}.Debug|Any CPU.Build.0 = Debug|Any CPU
		{5C30770C-CCC4-4092-A87C-C2AE8308D32F}.Release|Any CPU.ActiveCfg = Release|Any CPU
		{5C30770C-CCC4-4092-A87C-C2AE8308D32F}.Release|Any CPU.Build.0 = Release|Any CPU
	EndGlobalSection
	GlobalSection(SolutionProperties) = preSolution
		HideSolutionNode = FALSE
	EndGlobalSection
	GlobalSection(ExtensibilityGlobals) = postSolution
		SolutionGuid = {6A1ED4A8-7A5C-4F28-BB08-DAF1B3BA00C0}
	EndGlobalSection
EndGlobal
